// !$*UTF8*$!
{
	archiveVersion = 1;
	classes = {
	};
	objectVersion = 50;
	objects = {

/* Begin PBXBuildFile section */
		00598DE326DBA3F600AAAAA1 /* AppDelegate.swift in Sources */ = {isa = PBXBuildFile; fileRef = 00598DE226DBA3F600AAAAA1 /* AppDelegate.swift */; };
		00598DE726DBA3F600AAAAA1 /* ViewController.swift in Sources */ = {isa = PBXBuildFile; fileRef = 00598DE626DBA3F600AAAAA1 /* ViewController.swift */; };
		00598DEA26DBA3F600AAAAA1 /* Main.storyboard in Resources */ = {isa = PBXBuildFile; fileRef = 00598DE826DBA3F600AAAAA1 /* Main.storyboard */; };
		00598DED26DBA3F600AAAAA1 /* SearchableMenuPopup.xcdatamodeld in Sources */ = {isa = PBXBuildFile; fileRef = 00598DEB26DBA3F600AAAAA1 /* SearchableMenuPopup.xcdatamodeld */; };
		00598DEF26DBA3F800AAAAA1 /* Assets.xcassets in Resources */ = {isa = PBXBuildFile; fileRef = 00598DEE26DBA3F800AAAAA1 /* Assets.xcassets */; };
		00598DF226DBA3F800AAAAA1 /* LaunchScreen.storyboard in Resources */ = {isa = PBXBuildFile; fileRef = 00598DF026DBA3F800AAAAA1 /* LaunchScreen.storyboard */; };
		00598DFD26DBA3F900AAAAA1 /* SearchableMenuPopupTests.swift in Sources */ = {isa = PBXBuildFile; fileRef = 00598DFC26DBA3F900AAAAA1 /* SearchableMenuPopupTests.swift */; };
		00598E0826DBA3F900AAAAA1 /* SearchableMenuPopupUITests.swift in Sources */ = {isa = PBXBuildFile; fileRef = 00598E0726DBA3F900AAAAA1 /* SearchableMenuPopupUITests.swift */; };
		00598E2226DBAA4500AAAAA1 /* ListPopup.swift in Sources */ = {isa = PBXBuildFile; fileRef = 00598E2126DBAA4500AAAAA1 /* ListPopup.swift */; };
		00598E2726DBAA5700AAAAA1 /* ListPopup.xib in Resources */ = {isa = PBXBuildFile; fileRef = 00598E2626DBAA5700AAAAA1 /* ListPopup.xib */; };
		00598E2D26DBAEB700AAAAA1 /* PopupCell.swift in Sources */ = {isa = PBXBuildFile; fileRef = 00598E2B26DBAEB700AAAAA1 /* PopupCell.swift */; };
		00598E2E26DBAEB700AAAAA1 /* PopupCell.xib in Resources */ = {isa = PBXBuildFile; fileRef = 00598E2C26DBAEB700AAAAA1 /* PopupCell.xib */; };
		00598E3626DBB60B00AAAAA1 /* SceneDelegate.swift in Sources */ = {isa = PBXBuildFile; fileRef = 00598E3526DBB60B00AAAAA1 /* SceneDelegate.swift */; };
/* End PBXBuildFile section */

/* Begin PBXContainerItemProxy section */
		00598DF926DBA3F900AAAAA1 /* PBXContainerItemProxy */ = {
			isa = PBXContainerItemProxy;
			containerPortal = 00598DD726DBA3F500AAAAA1 /* Project object */;
			proxyType = 1;
			remoteGlobalIDString = 00598DDE26DBA3F600AAAAA1;
			remoteInfo = SearchableMenuPopup;
		};
		00598E0426DBA3F900AAAAA1 /* PBXContainerItemProxy */ = {
			isa = PBXContainerItemProxy;
			containerPortal = 00598DD726DBA3F500AAAAA1 /* Project object */;
			proxyType = 1;
			remoteGlobalIDString = 00598DDE26DBA3F600AAAAA1;
			remoteInfo = SearchableMenuPopup;
		};
/* End PBXContainerItemProxy section */

/* Begin PBXFileReference section */
		00598DDF26DBA3F600AAAAA1 /* SearchableMenuPopup.app */ = {isa = PBXFileReference; explicitFileType = wrapper.application; includeInIndex = 0; path = SearchableMenuPopup.app; sourceTree = BUILT_PRODUCTS_DIR; };
		00598DE226DBA3F600AAAAA1 /* AppDelegate.swift */ = {isa = PBXFileReference; lastKnownFileType = sourcecode.swift; path = AppDelegate.swift; sourceTree = "<group>"; };
		00598DE626DBA3F600AAAAA1 /* ViewController.swift */ = {isa = PBXFileReference; lastKnownFileType = sourcecode.swift; path = ViewController.swift; sourceTree = "<group>"; };
		00598DE926DBA3F600AAAAA1 /* Base */ = {isa = PBXFileReference; lastKnownFileType = file.storyboard; name = Base; path = Base.lproj/Main.storyboard; sourceTree = "<group>"; };
		00598DEC26DBA3F600AAAAA1 /* SearchableMenuPopup.xcdatamodel */ = {isa = PBXFileReference; lastKnownFileType = wrapper.xcdatamodel; path = SearchableMenuPopup.xcdatamodel; sourceTree = "<group>"; };
		00598DEE26DBA3F800AAAAA1 /* Assets.xcassets */ = {isa = PBXFileReference; lastKnownFileType = folder.assetcatalog; path = Assets.xcassets; sourceTree = "<group>"; };
		00598DF126DBA3F800AAAAA1 /* Base */ = {isa = PBXFileReference; lastKnownFileType = file.storyboard; name = Base; path = Base.lproj/LaunchScreen.storyboard; sourceTree = "<group>"; };
		00598DF326DBA3F800AAAAA1 /* Info.plist */ = {isa = PBXFileReference; lastKnownFileType = text.plist.xml; path = Info.plist; sourceTree = "<group>"; };
		00598DF826DBA3F900AAAAA1 /* SearchableMenuPopupTests.xctest */ = {isa = PBXFileReference; explicitFileType = wrapper.cfbundle; includeInIndex = 0; path = SearchableMenuPopupTests.xctest; sourceTree = BUILT_PRODUCTS_DIR; };
		00598DFC26DBA3F900AAAAA1 /* SearchableMenuPopupTests.swift */ = {isa = PBXFileReference; lastKnownFileType = sourcecode.swift; path = SearchableMenuPopupTests.swift; sourceTree = "<group>"; };
		00598DFE26DBA3F900AAAAA1 /* Info.plist */ = {isa = PBXFileReference; lastKnownFileType = text.plist.xml; path = Info.plist; sourceTree = "<group>"; };
		00598E0326DBA3F900AAAAA1 /* SearchableMenuPopupUITests.xctest */ = {isa = PBXFileReference; explicitFileType = wrapper.cfbundle; includeInIndex = 0; path = SearchableMenuPopupUITests.xctest; sourceTree = BUILT_PRODUCTS_DIR; };
		00598E0726DBA3F900AAAAA1 /* SearchableMenuPopupUITests.swift */ = {isa = PBXFileReference; lastKnownFileType = sourcecode.swift; path = SearchableMenuPopupUITests.swift; sourceTree = "<group>"; };
		00598E0926DBA3F900AAAAA1 /* Info.plist */ = {isa = PBXFileReference; lastKnownFileType = text.plist.xml; path = Info.plist; sourceTree = "<group>"; };
		00598E2126DBAA4500AAAAA1 /* ListPopup.swift */ = {isa = PBXFileReference; lastKnownFileType = sourcecode.swift; path = ListPopup.swift; sourceTree = "<group>"; };
		00598E2626DBAA5700AAAAA1 /* ListPopup.xib */ = {isa = PBXFileReference; lastKnownFileType = file.xib; path = ListPopup.xib; sourceTree = "<group>"; };
		00598E2B26DBAEB700AAAAA1 /* PopupCell.swift */ = {isa = PBXFileReference; lastKnownFileType = sourcecode.swift; path = PopupCell.swift; sourceTree = "<group>"; };
		00598E2C26DBAEB700AAAAA1 /* PopupCell.xib */ = {isa = PBXFileReference; lastKnownFileType = file.xib; path = PopupCell.xib; sourceTree = "<group>"; };
		00598E3526DBB60B00AAAAA1 /* SceneDelegate.swift */ = {isa = PBXFileReference; fileEncoding = 4; lastKnownFileType = sourcecode.swift; path = SceneDelegate.swift; sourceTree = "<group>"; };
/* End PBXFileReference section */

/* Begin PBXFrameworksBuildPhase section */
		00598DDC26DBA3F600AAAAA1 /* Frameworks */ = {
			isa = PBXFrameworksBuildPhase;
			buildActionMask = 2147483647;
			files = (
			);
			runOnlyForDeploymentPostprocessing = 0;
		};
		00598DF526DBA3F900AAAAA1 /* Frameworks */ = {
			isa = PBXFrameworksBuildPhase;
			buildActionMask = 2147483647;
			files = (
			);
			runOnlyForDeploymentPostprocessing = 0;
		};
		00598E0026DBA3F900AAAAA1 /* Frameworks */ = {
			isa = PBXFrameworksBuildPhase;
			buildActionMask = 2147483647;
			files = (
			);
			runOnlyForDeploymentPostprocessing = 0;
		};
/* End PBXFrameworksBuildPhase section */

/* Begin PBXGroup section */
		00598DD626DBA3F500AAAAA1 = {
			isa = PBXGroup;
			children = (
				00598DE126DBA3F600AAAAA1 /* SearchableMenuPopup */,
				00598DFB26DBA3F900AAAAA1 /* SearchableMenuPopupTests */,
				00598E0626DBA3F900AAAAA1 /* SearchableMenuPopupUITests */,
				00598DE026DBA3F600AAAAA1 /* Products */,
			);
			sourceTree = "<group>";
		};
		00598DE026DBA3F600AAAAA1 /* Products */ = {
			isa = PBXGroup;
			children = (
				00598DDF26DBA3F600AAAAA1 /* SearchableMenuPopup.app */,
				00598DF826DBA3F900AAAAA1 /* SearchableMenuPopupTests.xctest */,
				00598E0326DBA3F900AAAAA1 /* SearchableMenuPopupUITests.xctest */,
			);
			name = Products;
			sourceTree = "<group>";
		};
		00598DE126DBA3F600AAAAA1 /* SearchableMenuPopup */ = {
			isa = PBXGroup;
			children = (
				00598E3526DBB60B00AAAAA1 /* SceneDelegate.swift */,
				00598DE226DBA3F600AAAAA1 /* AppDelegate.swift */,
				00598DE626DBA3F600AAAAA1 /* ViewController.swift */,
				00598DE826DBA3F600AAAAA1 /* Main.storyboard */,
				00598DEE26DBA3F800AAAAA1 /* Assets.xcassets */,
				00598DF026DBA3F800AAAAA1 /* LaunchScreen.storyboard */,
				00598DF326DBA3F800AAAAA1 /* Info.plist */,
				00598DEB26DBA3F600AAAAA1 /* SearchableMenuPopup.xcdatamodeld */,
				00598E2126DBAA4500AAAAA1 /* ListPopup.swift */,
				00598E2626DBAA5700AAAAA1 /* ListPopup.xib */,
				00598E2B26DBAEB700AAAAA1 /* PopupCell.swift */,
				00598E2C26DBAEB700AAAAA1 /* PopupCell.xib */,
			);
			path = SearchableMenuPopup;
			sourceTree = "<group>";
		};
		00598DFB26DBA3F900AAAAA1 /* SearchableMenuPopupTests */ = {
			isa = PBXGroup;
			children = (
				00598DFC26DBA3F900AAAAA1 /* SearchableMenuPopupTests.swift */,
				00598DFE26DBA3F900AAAAA1 /* Info.plist */,
			);
			path = SearchableMenuPopupTests;
			sourceTree = "<group>";
		};
		00598E0626DBA3F900AAAAA1 /* SearchableMenuPopupUITests */ = {
			isa = PBXGroup;
			children = (
				00598E0726DBA3F900AAAAA1 /* SearchableMenuPopupUITests.swift */,
				00598E0926DBA3F900AAAAA1 /* Info.plist */,
			);
			path = SearchableMenuPopupUITests;
			sourceTree = "<group>";
		};
/* End PBXGroup section */

/* Begin PBXNativeTarget section */
		00598DDE26DBA3F600AAAAA1 /* SearchableMenuPopup */ = {
			isa = PBXNativeTarget;
			buildConfigurationList = 00598E0C26DBA3F900AAAAA1 /* Build configuration list for PBXNativeTarget "SearchableMenuPopup" */;
			buildPhases = (
				00598DDB26DBA3F600AAAAA1 /* Sources */,
				00598DDC26DBA3F600AAAAA1 /* Frameworks */,
				00598DDD26DBA3F600AAAAA1 /* Resources */,
			);
			buildRules = (
			);
			dependencies = (
			);
			name = SearchableMenuPopup;
			productName = SearchableMenuPopup;
			productReference = 00598DDF26DBA3F600AAAAA1 /* SearchableMenuPopup.app */;
			productType = "com.apple.product-type.application";
		};
		00598DF726DBA3F900AAAAA1 /* SearchableMenuPopupTests */ = {
			isa = PBXNativeTarget;
			buildConfigurationList = 00598E0F26DBA3F900AAAAA1 /* Build configuration list for PBXNativeTarget "SearchableMenuPopupTests" */;
			buildPhases = (
				00598DF426DBA3F900AAAAA1 /* Sources */,
				00598DF526DBA3F900AAAAA1 /* Frameworks */,
				00598DF626DBA3F900AAAAA1 /* Resources */,
			);
			buildRules = (
			);
			dependencies = (
				00598DFA26DBA3F900AAAAA1 /* PBXTargetDependency */,
			);
			name = SearchableMenuPopupTests;
			productName = SearchableMenuPopupTests;
			productReference = 00598DF826DBA3F900AAAAA1 /* SearchableMenuPopupTests.xctest */;
			productType = "com.apple.product-type.bundle.unit-test";
		};
		00598E0226DBA3F900AAAAA1 /* SearchableMenuPopupUITests */ = {
			isa = PBXNativeTarget;
			buildConfigurationList = 00598E1226DBA3F900AAAAA1 /* Build configuration list for PBXNativeTarget "SearchableMenuPopupUITests" */;
			buildPhases = (
				00598DFF26DBA3F900AAAAA1 /* Sources */,
				00598E0026DBA3F900AAAAA1 /* Frameworks */,
				00598E0126DBA3F900AAAAA1 /* Resources */,
			);
			buildRules = (
			);
			dependencies = (
				00598E0526DBA3F900AAAAA1 /* PBXTargetDependency */,
			);
			name = SearchableMenuPopupUITests;
			productName = SearchableMenuPopupUITests;
			productReference = 00598E0326DBA3F900AAAAA1 /* SearchableMenuPopupUITests.xctest */;
			productType = "com.apple.product-type.bundle.ui-testing";
		};
/* End PBXNativeTarget section */

/* Begin PBXProject section */
		00598DD726DBA3F500AAAAA1 /* Project object */ = {
			isa = PBXProject;
			attributes = {
				LastSwiftUpdateCheck = 1230;
				LastUpgradeCheck = 1230;
				TargetAttributes = {
					00598DDE26DBA3F600AAAAA1 = {
						CreatedOnToolsVersion = 12.3;
					};
					00598DF726DBA3F900AAAAA1 = {
						CreatedOnToolsVersion = 12.3;
						TestTargetID = 00598DDE26DBA3F600AAAAA1;
					};
					00598E0226DBA3F900AAAAA1 = {
						CreatedOnToolsVersion = 12.3;
						TestTargetID = 00598DDE26DBA3F600AAAAA1;
					};
				};
			};
			buildConfigurationList = 00598DDA26DBA3F500AAAAA1 /* Build configuration list for PBXProject "SearchableMenuPopup" */;
			compatibilityVersion = "Xcode 9.3";
			developmentRegion = en;
			hasScannedForEncodings = 0;
			knownRegions = (
				en,
				Base,
			);
			mainGroup = 00598DD626DBA3F500AAAAA1;
			productRefGroup = 00598DE026DBA3F600AAAAA1 /* Products */;
			projectDirPath = "";
			projectRoot = "";
			targets = (
				00598DDE26DBA3F600AAAAA1 /* SearchableMenuPopup */,
				00598DF726DBA3F900AAAAA1 /* SearchableMenuPopupTests */,
				00598E0226DBA3F900AAAAA1 /* SearchableMenuPopupUITests */,
			);
		};
/* End PBXProject section */

/* Begin PBXResourcesBuildPhase section */
		00598DDD26DBA3F600AAAAA1 /* Resources */ = {
			isa = PBXResourcesBuildPhase;
			buildActionMask = 2147483647;
			files = (
				00598DF226DBA3F800AAAAA1 /* LaunchScreen.storyboard in Resources */,
				00598DEF26DBA3F800AAAAA1 /* Assets.xcassets in Resources */,
				00598E2726DBAA5700AAAAA1 /* ListPopup.xib in Resources */,
				00598DEA26DBA3F600AAAAA1 /* Main.storyboard in Resources */,
				00598E2E26DBAEB700AAAAA1 /* PopupCell.xib in Resources */,
			);
			runOnlyForDeploymentPostprocessing = 0;
		};
		00598DF626DBA3F900AAAAA1 /* Resources */ = {
			isa = PBXResourcesBuildPhase;
			buildActionMask = 2147483647;
			files = (
			);
			runOnlyForDeploymentPostprocessing = 0;
		};
		00598E0126DBA3F900AAAAA1 /* Resources */ = {
			isa = PBXResourcesBuildPhase;
			buildActionMask = 2147483647;
			files = (
			);
			runOnlyForDeploymentPostprocessing = 0;
		};
/* End PBXResourcesBuildPhase section */

/* Begin PBXSourcesBuildPhase section */
		00598DDB26DBA3F600AAAAA1 /* Sources */ = {
			isa = PBXSourcesBuildPhase;
			buildActionMask = 2147483647;
			files = (
				00598DE726DBA3F600AAAAA1 /* ViewController.swift in Sources */,
				00598DE326DBA3F600AAAAA1 /* AppDelegate.swift in Sources */,
				00598E2D26DBAEB700AAAAA1 /* PopupCell.swift in Sources */,
				00598E2226DBAA4500AAAAA1 /* ListPopup.swift in Sources */,
				00598DED26DBA3F600AAAAA1 /* SearchableMenuPopup.xcdatamodeld in Sources */,
				00598E3626DBB60B00AAAAA1 /* SceneDelegate.swift in Sources */,
			);
			runOnlyForDeploymentPostprocessing = 0;
		};
		00598DF426DBA3F900AAAAA1 /* Sources */ = {
			isa = PBXSourcesBuildPhase;
			buildActionMask = 2147483647;
			files = (
				00598DFD26DBA3F900AAAAA1 /* SearchableMenuPopupTests.swift in Sources */,
			);
			runOnlyForDeploymentPostprocessing = 0;
		};
		00598DFF26DBA3F900AAAAA1 /* Sources */ = {
			isa = PBXSourcesBuildPhase;
			buildActionMask = 2147483647;
			files = (
				00598E0826DBA3F900AAAAA1 /* SearchableMenuPopupUITests.swift in Sources */,
			);
			runOnlyForDeploymentPostprocessing = 0;
		};
/* End PBXSourcesBuildPhase section */

/* Begin PBXTargetDependency section */
		00598DFA26DBA3F900AAAAA1 /* PBXTargetDependency */ = {
			isa = PBXTargetDependency;
			target = 00598DDE26DBA3F600AAAAA1 /* SearchableMenuPopup */;
			targetProxy = 00598DF926DBA3F900AAAAA1 /* PBXContainerItemProxy */;
		};
		00598E0526DBA3F900AAAAA1 /* PBXTargetDependency */ = {
			isa = PBXTargetDependency;
			target = 00598DDE26DBA3F600AAAAA1 /* SearchableMenuPopup */;
			targetProxy = 00598E0426DBA3F900AAAAA1 /* PBXContainerItemProxy */;
		};
/* End PBXTargetDependency section */

/* Begin PBXVariantGroup section */
		00598DE826DBA3F600AAAAA1 /* Main.storyboard */ = {
			isa = PBXVariantGroup;
			children = (
				00598DE926DBA3F600AAAAA1 /* Base */,
			);
			name = Main.storyboard;
			sourceTree = "<group>";
		};
		00598DF026DBA3F800AAAAA1 /* LaunchScreen.storyboard */ = {
			isa = PBXVariantGroup;
			children = (
				00598DF126DBA3F800AAAAA1 /* Base */,
			);
			name = LaunchScreen.storyboard;
			sourceTree = "<group>";
		};
/* End PBXVariantGroup section */

/* Begin XCBuildConfiguration section */
		00598E0A26DBA3F900AAAAA1 /* Debug */ = {
			isa = XCBuildConfiguration;
			buildSettings = {
				ALWAYS_SEARCH_USER_PATHS = NO;
				CLANG_ANALYZER_NONNULL = YES;
				CLANG_ANALYZER_NUMBER_OBJECT_CONVERSION = YES_AGGRESSIVE;
				CLANG_CXX_LANGUAGE_STANDARD = "gnu++14";
				CLANG_CXX_LIBRARY = "libc++";
				CLANG_ENABLE_MODULES = YES;
				CLANG_ENABLE_OBJC_ARC = YES;
				CLANG_ENABLE_OBJC_WEAK = YES;
				CLANG_WARN_BLOCK_CAPTURE_AUTORELEASING = YES;
				CLANG_WARN_BOOL_CONVERSION = YES;
				CLANG_WARN_COMMA = YES;
				CLANG_WARN_CONSTANT_CONVERSION = YES;
				CLANG_WARN_DEPRECATED_OBJC_IMPLEMENTATIONS = YES;
				CLANG_WARN_DIRECT_OBJC_ISA_USAGE = YES_ERROR;
				CLANG_WARN_DOCUMENTATION_COMMENTS = YES;
				CLANG_WARN_EMPTY_BODY = YES;
				CLANG_WARN_ENUM_CONVERSION = YES;
				CLANG_WARN_INFINITE_RECURSION = YES;
				CLANG_WARN_INT_CONVERSION = YES;
				CLANG_WARN_NON_LITERAL_NULL_CONVERSION = YES;
				CLANG_WARN_OBJC_IMPLICIT_RETAIN_SELF = YES;
				CLANG_WARN_OBJC_LITERAL_CONVERSION = YES;
				CLANG_WARN_OBJC_ROOT_CLASS = YES_ERROR;
				CLANG_WARN_QUOTED_INCLUDE_IN_FRAMEWORK_HEADER = YES;
				CLANG_WARN_RANGE_LOOP_ANALYSIS = YES;
				CLANG_WARN_STRICT_PROTOTYPES = YES;
				CLANG_WARN_SUSPICIOUS_MOVE = YES;
				CLANG_WARN_UNGUARDED_AVAILABILITY = YES_AGGRESSIVE;
				CLANG_WARN_UNREACHABLE_CODE = YES;
				CLANG_WARN__DUPLICATE_METHOD_MATCH = YES;
				COPY_PHASE_STRIP = NO;
				DEBUG_INFORMATION_FORMAT = dwarf;
				ENABLE_STRICT_OBJC_MSGSEND = YES;
				ENABLE_TESTABILITY = YES;
				GCC_C_LANGUAGE_STANDARD = gnu11;
				GCC_DYNAMIC_NO_PIC = NO;
				GCC_NO_COMMON_BLOCKS = YES;
				GCC_OPTIMIZATION_LEVEL = 0;
				GCC_PREPROCESSOR_DEFINITIONS = (
					"DEBUG=1",
					"$(inherited)",
				);
				GCC_WARN_64_TO_32_BIT_CONVERSION = YES;
				GCC_WARN_ABOUT_RETURN_TYPE = YES_ERROR;
				GCC_WARN_UNDECLARED_SELECTOR = YES;
				GCC_WARN_UNINITIALIZED_AUTOS = YES_AGGRESSIVE;
				GCC_WARN_UNUSED_FUNCTION = YES;
				GCC_WARN_UNUSED_VARIABLE = YES;
				IPHONEOS_DEPLOYMENT_TARGET = 14.3;
				MTL_ENABLE_DEBUG_INFO = INCLUDE_SOURCE;
				MTL_FAST_MATH = YES;
				ONLY_ACTIVE_ARCH = YES;
				SDKROOT = iphoneos;
				SWIFT_ACTIVE_COMPILATION_CONDITIONS = DEBUG;
				SWIFT_OPTIMIZATION_LEVEL = "-Onone";
			};
			name = Debug;
		};
		00598E0B26DBA3F900AAAAA1 /* Release */ = {
			isa = XCBuildConfiguration;
			buildSettings = {
				ALWAYS_SEARCH_USER_PATHS = NO;
				CLANG_ANALYZER_NONNULL = YES;
				CLANG_ANALYZER_NUMBER_OBJECT_CONVERSION = YES_AGGRESSIVE;
				CLANG_CXX_LANGUAGE_STANDARD = "gnu++14";
				CLANG_CXX_LIBRARY = "libc++";
				CLANG_ENABLE_MODULES = YES;
				CLANG_ENABLE_OBJC_ARC = YES;
				CLANG_ENABLE_OBJC_WEAK = YES;
				CLANG_WARN_BLOCK_CAPTURE_AUTORELEASING = YES;
				CLANG_WARN_BOOL_CONVERSION = YES;
				CLANG_WARN_COMMA = YES;
				CLANG_WARN_CONSTANT_CONVERSION = YES;
				CLANG_WARN_DEPRECATED_OBJC_IMPLEMENTATIONS = YES;
				CLANG_WARN_DIRECT_OBJC_ISA_USAGE = YES_ERROR;
				CLANG_WARN_DOCUMENTATION_COMMENTS = YES;
				CLANG_WARN_EMPTY_BODY = YES;
				CLANG_WARN_ENUM_CONVERSION = YES;
				CLANG_WARN_INFINITE_RECURSION = YES;
				CLANG_WARN_INT_CONVERSION = YES;
				CLANG_WARN_NON_LITERAL_NULL_CONVERSION = YES;
				CLANG_WARN_OBJC_IMPLICIT_RETAIN_SELF = YES;
				CLANG_WARN_OBJC_LITERAL_CONVERSION = YES;
				CLANG_WARN_OBJC_ROOT_CLASS = YES_ERROR;
				CLANG_WARN_QUOTED_INCLUDE_IN_FRAMEWORK_HEADER = YES;
				CLANG_WARN_RANGE_LOOP_ANALYSIS = YES;
				CLANG_WARN_STRICT_PROTOTYPES = YES;
				CLANG_WARN_SUSPICIOUS_MOVE = YES;
				CLANG_WARN_UNGUARDED_AVAILABILITY = YES_AGGRESSIVE;
				CLANG_WARN_UNREACHABLE_CODE = YES;
				CLANG_WARN__DUPLICATE_METHOD_MATCH = YES;
				COPY_PHASE_STRIP = NO;
				DEBUG_INFORMATION_FORMAT = "dwarf-with-dsym";
				ENABLE_NS_ASSERTIONS = NO;
				ENABLE_STRICT_OBJC_MSGSEND = YES;
				GCC_C_LANGUAGE_STANDARD = gnu11;
				GCC_NO_COMMON_BLOCKS = YES;
				GCC_WARN_64_TO_32_BIT_CONVERSION = YES;
				GCC_WARN_ABOUT_RETURN_TYPE = YES_ERROR;
				GCC_WARN_UNDECLARED_SELECTOR = YES;
				GCC_WARN_UNINITIALIZED_AUTOS = YES_AGGRESSIVE;
				GCC_WARN_UNUSED_FUNCTION = YES;
				GCC_WARN_UNUSED_VARIABLE = YES;
				IPHONEOS_DEPLOYMENT_TARGET = 14.3;
				MTL_ENABLE_DEBUG_INFO = NO;
				MTL_FAST_MATH = YES;
				SDKROOT = iphoneos;
				SWIFT_COMPILATION_MODE = wholemodule;
				SWIFT_OPTIMIZATION_LEVEL = "-O";
				VALIDATE_PRODUCT = YES;
			};
			name = Release;
		};
		00598E0D26DBA3F900AAAAA1 /* Debug */ = {
			isa = XCBuildConfiguration;
			buildSettings = {
				ASSETCATALOG_COMPILER_APPICON_NAME = AppIcon;
				ASSETCATALOG_COMPILER_GLOBAL_ACCENT_COLOR_NAME = AccentColor;
				CODE_SIGN_STYLE = Automatic;
				INFOPLIST_FILE = SearchableMenuPopup/Info.plist;
				IPHONEOS_DEPLOYMENT_TARGET = 13.0;
				LD_RUNPATH_SEARCH_PATHS = (
					"$(inherited)",
					"@executable_path/Frameworks",
				);
				PRODUCT_BUNDLE_IDENTIFIER = com.srush.test.SearchableMenuPopup;
				PRODUCT_NAME = "$(TARGET_NAME)";
				SWIFT_VERSION = 4.0;
				TARGETED_DEVICE_FAMILY = "1,2";
			};
			name = Debug;
		};
		00598E0E26DBA3F900AAAAA1 /* Release */ = {
			isa = XCBuildConfiguration;
			buildSettings = {
				ASSETCATALOG_COMPILER_APPICON_NAME = AppIcon;
				ASSETCATALOG_COMPILER_GLOBAL_ACCENT_COLOR_NAME = AccentColor;
				CODE_SIGN_STYLE = Automatic;
				INFOPLIST_FILE = SearchableMenuPopup/Info.plist;
				IPHONEOS_DEPLOYMENT_TARGET = 13.0;
				LD_RUNPATH_SEARCH_PATHS = (
					"$(inherited)",
					"@executable_path/Frameworks",
				);
				PRODUCT_BUNDLE_IDENTIFIER = com.srush.test.SearchableMenuPopup;
				PRODUCT_NAME = "$(TARGET_NAME)";
				SWIFT_VERSION = 4.0;
				TARGETED_DEVICE_FAMILY = "1,2";
			};
			name = Release;
		};
		00598E1026DBA3F900AAAAA1 /* Debug */ = {
			isa = XCBuildConfiguration;
			buildSettings = {
				ALWAYS_EMBED_SWIFT_STANDARD_LIBRARIES = YES;
				BUNDLE_LOADER = "$(TEST_HOST)";
				CODE_SIGN_STYLE = Automatic;
				INFOPLIST_FILE = SearchableMenuPopupTests/Info.plist;
				IPHONEOS_DEPLOYMENT_TARGET = 14.3;
				LD_RUNPATH_SEARCH_PATHS = (
					"$(inherited)",
					"@executable_path/Frameworks",
					"@loader_path/Frameworks",
				);
				PRODUCT_BUNDLE_IDENTIFIER = com.srush.test.SearchableMenuPopupTests;
				PRODUCT_NAME = "$(TARGET_NAME)";
				SWIFT_VERSION = 5.0;
				TARGETED_DEVICE_FAMILY = "1,2";
				TEST_HOST = "$(BUILT_PRODUCTS_DIR)/SearchableMenuPopup.app/SearchableMenuPopup";
			};
			name = Debug;
		};
		00598E1126DBA3F900AAAAA1 /* Release */ = {
			isa = XCBuildConfiguration;
			buildSettings = {
				ALWAYS_EMBED_SWIFT_STANDARD_LIBRARIES = YES;
				BUNDLE_LOADER = "$(TEST_HOST)";
				CODE_SIGN_STYLE = Automatic;
				INFOPLIST_FILE = SearchableMenuPopupTests/Info.plist;
				IPHONEOS_DEPLOYMENT_TARGET = 14.3;
				LD_RUNPATH_SEARCH_PATHS = (
					"$(inherited)",
					"@executable_path/Frameworks",
					"@loader_path/Frameworks",
				);
				PRODUCT_BUNDLE_IDENTIFIER = com.srush.test.SearchableMenuPopupTests;
				PRODUCT_NAME = "$(TARGET_NAME)";
				SWIFT_VERSION = 5.0;
				TARGETED_DEVICE_FAMILY = "1,2";
				TEST_HOST = "$(BUILT_PRODUCTS_DIR)/SearchableMenuPopup.app/SearchableMenuPopup";
			};
			name = Release;
		};
		00598E1326DBA3F900AAAAA1 /* Debug */ = {
			isa = XCBuildConfiguration;
			buildSettings = {
				ALWAYS_EMBED_SWIFT_STANDARD_LIBRARIES = YES;
				CODE_SIGN_STYLE = Automatic;
				INFOPLIST_FILE = SearchableMenuPopupUITests/Info.plist;
				LD_RUNPATH_SEARCH_PATHS = (
					"$(inherited)",
					"@executable_path/Frameworks",
					"@loader_path/Frameworks",
				);
				PRODUCT_BUNDLE_IDENTIFIER = com.srush.test.SearchableMenuPopupUITests;
				PRODUCT_NAME = "$(TARGET_NAME)";
				SWIFT_VERSION = 5.0;
				TARGETED_DEVICE_FAMILY = "1,2";
				TEST_TARGET_NAME = SearchableMenuPopup;
			};
			name = Debug;
		};
		00598E1426DBA3F900AAAAA1 /* Release */ = {
			isa = XCBuildConfiguration;
			buildSettings = {
				ALWAYS_EMBED_SWIFT_STANDARD_LIBRARIES = YES;
				CODE_SIGN_STYLE = Automatic;
				INFOPLIST_FILE = SearchableMenuPopupUITests/Info.plist;
				LD_RUNPATH_SEARCH_PATHS = (
					"$(inherited)",
					"@executable_path/Frameworks",
					"@loader_path/Frameworks",
				);
				PRODUCT_BUNDLE_IDENTIFIER = com.srush.test.SearchableMenuPopupUITests;
				PRODUCT_NAME = "$(TARGET_NAME)";
				SWIFT_VERSION = 5.0;
				TARGETED_DEVICE_FAMILY = "1,2";
				TEST_TARGET_NAME = SearchableMenuPopup;
			};
			name = Release;
		};
/* End XCBuildConfiguration section */

/* Begin XCConfigurationList section */
		00598DDA26DBA3F500AAAAA1 /* Build configuration list for PBXProject "SearchableMenuPopup" */ = {
			isa = XCConfigurationList;
			buildConfigurations = (
				00598E0A26DBA3F900AAAAA1 /* Debug */,
				00598E0B26DBA3F900AAAAA1 /* Release */,
			);
			defaultConfigurationIsVisible = 0;
			defaultConfigurationName = Release;
		};
		00598E0C26DBA3F900AAAAA1 /* Build configuration list for PBXNativeTarget "SearchableMenuPopup" */ = {
			isa = XCConfigurationList;
			buildConfigurations = (
				00598E0D26DBA3F900AAAAA1 /* Debug */,
				00598E0E26DBA3F900AAAAA1 /* Release */,
			);
			defaultConfigurationIsVisible = 0;
			defaultConfigurationName = Release;
		};
		00598E0F26DBA3F900AAAAA1 /* Build configuration list for PBXNativeTarget "SearchableMenuPopupTests" */ = {
			isa = XCConfigurationList;
			buildConfigurations = (
				00598E1026DBA3F900AAAAA1 /* Debug */,
				00598E1126DBA3F900AAAAA1 /* Release */,
			);
			defaultConfigurationIsVisible = 0;
			defaultConfigurationName = Release;
		};
		00598E1226DBA3F900AAAAA1 /* Build configuration list for PBXNativeTarget "SearchableMenuPopupUITests" */ = {
			isa = XCConfigurationList;
			buildConfigurations = (
				00598E1326DBA3F900AAAAA1 /* Debug */,
				00598E1426DBA3F900AAAAA1 /* Release */,
			);
			defaultConfigurationIsVisible = 0;
			defaultConfigurationName = Release;
		};
/* End XCConfigurationList section */

/* Begin XCVersionGroup section */
		00598DEB26DBA3F600AAAAA1 /* SearchableMenuPopup.xcdatamodeld */ = {
			isa = XCVersionGroup;
			children = (
				00598DEC26DBA3F600AAAAA1 /* SearchableMenuPopup.xcdatamodel */,
			);
			currentVersion = 00598DEC26DBA3F600AAAAA1 /* SearchableMenuPopup.xcdatamodel */;
			path = SearchableMenuPopup.xcdatamodeld;
			sourceTree = "<group>";
			versionGroupType = wrapper.xcdatamodel;
		};
/* End XCVersionGroup section */
	};
	rootObject = 00598DD726DBA3F500AAAAA1 /* Project object */;
}
